
Microsoft Visual Studio Solution File, Format Version 12.00
# Visual Studio Version 17
VisualStudioVersion = 17.2.32526.322
MinimumVisualStudioVersion = 10.0.40219.1
Project("{FAE04EC0-301F-11D3-BF4B-00C04F79EFBC}") = "Cine2MVVM.Android", "Cine2MVVM\Cine2MVVM.Android\Cine2MVVM.Android.csproj", "{5FA8C35F-DE0E-4678-ABF5-3CF416F5E2CE}"
EndProject
Project("{FAE04EC0-301F-11D3-BF4B-00C04F79EFBC}") = "Cine2MVVM.iOS", "Cine2MVVM\Cine2MVVM.iOS\Cine2MVVM.iOS.csproj", "{719BD258-79F0-4C0B-9FB8-721CF3856EEE}"
EndProject
Project("{FAE04EC0-301F-11D3-BF4B-00C04F79EFBC}") = "Cine2MVVM", "Cine2MVVM\Cine2MVVM\Cine2MVVM.csproj", "{7C227E90-AC17-45A8-A848-227EE9D031F8}"
EndProject
Global
	GlobalSection(SolutionConfigurationPlatforms) = preSolution
		Debug|Any CPU = Debug|Any CPU
		Debug|iPhone = Debug|iPhone
		Debug|iPhoneSimulator = Debug|iPhoneSimulator
		Release|Any CPU = Release|Any CPU
		Release|iPhone = Release|iPhone
		Release|iPhoneSimulator = Release|iPhoneSimulator
	EndGlobalSection
	GlobalSection(ProjectConfigurationPlatforms) = postSolution
		{5FA8C35F-DE0E-4678-ABF5-3CF416F5E2CE}.Debug|Any CPU.ActiveCfg = Debug|Any CPU
		{5FA8C35F-DE0E-4678-ABF5-3CF416F5E2CE}.Debug|Any CPU.Build.0 = Debug|Any CPU
		{5FA8C35F-DE0E-4678-ABF5-3CF416F5E2CE}.Debug|Any CPU.Deploy.0 = Debug|Any CPU
		{5FA8C35F-DE0E-4678-ABF5-3CF416F5E2CE}.Debug|iPhone.ActiveCfg = Debug|Any CPU
		{5FA8C35F-DE0E-4678-ABF5-3CF416F5E2CE}.Debug|iPhone.Build.0 = Debug|Any CPU
		{5FA8C35F-DE0E-4678-ABF5-3CF416F5E2CE}.Debug|iPhone.Deploy.0 = Debug|Any CPU
		{5FA8C35F-DE0E-4678-ABF5-3CF416F5E2CE}.Debug|iPhoneSimulator.ActiveCfg = Debug|Any CPU
		{5FA8C35F-DE0E-4678-ABF5-3CF416F5E2CE}.Debug|iPhoneSimulator.Build.0 = Debug|Any CPU
		{5FA8C35F-DE0E-4678-ABF5-3CF416F5E2CE}.Debug|iPhoneSimulator.Deploy.0 = Debug|Any CPU
		{5FA8C35F-DE0E-4678-ABF5-3CF416F5E2CE}.Release|Any CPU.ActiveCfg = Release|Any CPU
		{5FA8C35F-DE0E-4678-ABF5-3CF416F5E2CE}.Release|Any CPU.Build.0 = Release|Any CPU
		{5FA8C35F-DE0E-4678-ABF5-3CF416F5E2CE}.Release|Any CPU.Deploy.0 = Release|Any CPU
		{5FA8C35F-DE0E-4678-ABF5-3CF416F5E2CE}.Release|iPhone.ActiveCfg = Release|Any CPU
		{5FA8C35F-DE0E-4678-ABF5-3CF416F5E2CE}.Release|iPhone.Build.0 = Release|Any CPU
		{5FA8C35F-DE0E-4678-ABF5-3CF416F5E2CE}.Release|iPhone.Deploy.0 = Release|Any CPU
		{5FA8C35F-DE0E-4678-ABF5-3CF416F5E2CE}.Release|iPhoneSimulator.ActiveCfg = Release|Any CPU
		{5FA8C35F-DE0E-4678-ABF5-3CF416F5E2CE}.Release|iPhoneSimulator.Build.0 = Release|Any CPU
		{5FA8C35F-DE0E-4678-ABF5-3CF416F5E2CE}.Release|iPhoneSimulator.Deploy.0 = Release|Any CPU
		{719BD258-79F0-4C0B-9FB8-721CF3856EEE}.Debug|Any CPU.ActiveCfg = Debug|iPhone
		{719BD258-79F0-4C0B-9FB8-721CF3856EEE}.Debug|Any CPU.Build.0 = Debug|iPhone
		{719BD258-79F0-4C0B-9FB8-721CF3856EEE}.Debug|Any CPU.Deploy.0 = Debug|iPhone
		{719BD258-79F0-4C0B-9FB8-721CF3856EEE}.Debug|iPhone.ActiveCfg = Debug|iPhone
		{719BD258-79F0-4C0B-9FB8-721CF3856EEE}.Debug|iPhone.Build.0 = Debug|iPhone
		{719BD258-79F0-4C0B-9FB8-721CF3856EEE}.Debug|iPhone.Deploy.0 = Debug|iPhone
		{719BD258-79F0-4C0B-9FB8-721CF3856EEE}.Debug|iPhoneSimulator.ActiveCfg = Debug|iPhoneSimulator
		{719BD258-79F0-4C0B-9FB8-721CF3856EEE}.Debug|iPhoneSimulator.Build.0 = Debug|iPhoneSimulator
		{719BD258-79F0-4C0B-9FB8-721CF3856EEE}.Debug|iPhoneSimulator.Deploy.0 = Debug|iPhoneSimulator
		{719BD258-79F0-4C0B-9FB8-721CF3856EEE}.Release|Any CPU.ActiveCfg = Release|iPhoneSimulator
		{719BD258-79F0-4C0B-9FB8-721CF3856EEE}.Release|Any CPU.Build.0 = Release|iPhoneSimulator
		{719BD258-79F0-4C0B-9FB8-721CF3856EEE}.Release|Any CPU.Deploy.0 = Release|iPhoneSimulator
		{719BD258-79F0-4C0B-9FB8-721CF3856EEE}.Release|iPhone.ActiveCfg = Release|iPhone
		{719BD258-79F0-4C0B-9FB8-721CF3856EEE}.Release|iPhone.Build.0 = Release|iPhone
		{719BD258-79F0-4C0B-9FB8-721CF3856EEE}.Release|iPhone.Deploy.0 = Release|iPhone
		{719BD258-79F0-4C0B-9FB8-721CF3856EEE}.Release|iPhoneSimulator.ActiveCfg = Release|iPhoneSimulator
		{719BD258-79F0-4C0B-9FB8-721CF3856EEE}.Release|iPhoneSimulator.Build.0 = Release|iPhoneSimulator
		{719BD258-79F0-4C0B-9FB8-721CF3856EEE}.Release|iPhoneSimulator.Deploy.0 = Release|iPhoneSimulator
		{7C227E90-AC17-45A8-A848-227EE9D031F8}.Debug|Any CPU.ActiveCfg = Debug|Any CPU
		{7C227E90-AC17-45A8-A848-227EE9D031F8}.Debug|Any CPU.Build.0 = Debug|Any CPU
		{7C227E90-AC17-45A8-A848-227EE9D031F8}.Debug|Any CPU.Deploy.0 = Debug|Any CPU
		{7C227E90-AC17-45A8-A848-227EE9D031F8}.Debug|iPhone.ActiveCfg = Debug|Any CPU
		{7C227E90-AC17-45A8-A848-227EE9D031F8}.Debug|iPhone.Build.0 = Debug|Any CPU
		{7C227E90-AC17-45A8-A848-227EE9D031F8}.Debug|iPhone.Deploy.0 = Debug|Any CPU
		{7C227E90-AC17-45A8-A848-227EE9D031F8}.Debug|iPhoneSimulator.ActiveCfg = Debug|Any CPU
		{7C227E90-AC17-45A8-A848-227EE9D031F8}.Debug|iPhoneSimulator.Build.0 = Debug|Any CPU
		{7C227E90-AC17-45A8-A848-227EE9D031F8}.Debug|iPhoneSimulator.Deploy.0 = Debug|Any CPU
		{7C227E90-AC17-45A8-A848-227EE9D031F8}.Release|Any CPU.ActiveCfg = Release|Any CPU
		{7C227E90-AC17-45A8-A848-227EE9D031F8}.Release|Any CPU.Build.0 = Release|Any CPU
		{7C227E90-AC17-45A8-A848-227EE9D031F8}.Release|Any CPU.Deploy.0 = Release|Any CPU
		{7C227E90-AC17-45A8-A848-227EE9D031F8}.Release|iPhone.ActiveCfg = Release|Any CPU
		{7C227E90-AC17-45A8-A848-227EE9D031F8}.Release|iPhone.Build.0 = Release|Any CPU
		{7C227E90-AC17-45A8-A848-227EE9D031F8}.Release|iPhone.Deploy.0 = Release|Any CPU
		{7C227E90-AC17-45A8-A848-227EE9D031F8}.Release|iPhoneSimulator.ActiveCfg = Release|Any CPU
		{7C227E90-AC17-45A8-A848-227EE9D031F8}.Release|iPhoneSimulator.Build.0 = Release|Any CPU
		{7C227E90-AC17-45A8-A848-227EE9D031F8}.Release|iPhoneSimulator.Deploy.0 = Release|Any CPU
	EndGlobalSection
	GlobalSection(SolutionProperties) = preSolution
		HideSolutionNode = FALSE
	EndGlobalSection
	GlobalSection(ExtensibilityGlobals) = postSolution
		SolutionGuid = {E4C7C67A-5B89-4BB7-A9FB-A01E01588E1A}
	EndGlobalSection
EndGlobal
